dependencies:
- name: medcat-service-helm
  repository: file://../medcat-service-helm
  version: 0.0.1
- name: medcat-service-helm
  repository: file://../medcat-service-helm
  version: 0.0.1
- name: medcat-trainer-helm
  repository: file://../medcat-trainer-helm
  version: 0.0.1
digest: sha256:08371a768a9f330606777903fab163ca84918222bbe3f516fab2772f5563d390
generated: "2026-02-26T15:00:09.073243923Z"
