dependencies:
- name: medcat-service-helm
  repository: file://../medcat-service-helm
  version: 0.0.1
- name: medcat-service-helm
  repository: file://../medcat-service-helm
  version: 0.0.1
- name: medcat-trainer-helm
  repository: file://../medcat-trainer-helm
  version: 0.0.1
- name: opensearch
  repository: https://opensearch-project.github.io/helm-charts/
  version: 3.5.0
- name: opensearch-dashboards
  repository: https://opensearch-project.github.io/helm-charts/
  version: 3.5.0
digest: sha256:fe14db9a20fafb403a182cd8b67a4f360cb0dc7343bfb2f700aef91f14929ade
generated: "2026-02-27T12:58:28.458477881Z"
